{
  "nodes": {
    "omnibusSrc": {
      "flake": false,
      "locked": {
        "lastModified": 1703915843,
        "narHash": "sha256-R7bRdD+z8nG6RDEX1uGqaLr+tlUCIWEU0yhCOPDUkq4=",
        "owner": "gtrunsec",
        "repo": "omnibus",
        "rev": "a70cf88c13e415ee1518c9a00c7f2362cd950274",
        "type": "github"
      },
      "original": {
        "owner": "gtrunsec",
        "repo": "omnibus",
        "type": "github"
      }
    },
    "root": {
      "inputs": {
        "omnibusSrc": "omnibusSrc"
      }
    }
  },
  "root": "root",
  "version": 7
}
