{
  "nodes": {
    "omnibus": {
      "flake": false,
      "locked": {
        "lastModified": 1703407379,
        "narHash": "sha256-heG95if2Q1W+5cQJNLTY/2vRDtp7Rw92fEG0m2MBXR0=",
        "owner": "gtrunsec",
        "repo": "omnibus",
        "rev": "1d0799ad979abc184c3edae14a3acd0c85dc205d",
        "type": "github"
      },
      "original": {
        "owner": "gtrunsec",
        "repo": "omnibus",
        "type": "github"
      }
    },
    "root": {
      "inputs": {
        "omnibus": "omnibus"
      }
    }
  },
  "root": "root",
  "version": 7
}
