{
  "nodes": {
    "omnibusSrc": {
      "flake": false,
      "locked": {
        "lastModified": 1741602622,
        "narHash": "sha256-w2oj635fc6i2+YiGziOwpqr+5HmnO5G5+1fVwkmOQ/A=",
        "owner": "tao3k",
        "repo": "omnibus",
        "rev": "5e1699b7c45b1125fdf3ab419186d685ec9916dc",
        "type": "github"
      },
      "original": {
        "owner": "tao3k",
        "repo": "omnibus",
        "type": "github"
      }
    },
    "root": {
      "inputs": {
        "omnibusSrc": "omnibusSrc"
      }
    }
  },
  "root": "root",
  "version": 7
}
