{
  "nodes": {
    "cells": {
      "inputs": {
        "data-merge": "data-merge",
        "latest": "latest",
        "nixpkgs": "nixpkgs_2",
        "std": "std",
        "yants": "yants_3"
      },
      "locked": {
        "lastModified": 0,
        "narHash": "sha256-MeeEvXdp+QiyMNz5t2DjkOfuhcs0qCLC3E51XAgh/ow=",
        "path": "/nix/store/xi63w63vkj9570dwmwshmiq4g635ljab-source",
        "type": "path"
      },
      "original": {
        "path": "/nix/store/xi63w63vkj9570dwmwshmiq4g635ljab-source",
        "type": "path"
      }
    },
    "data-merge": {
      "inputs": {
        "nixlib": "nixlib",
        "yants": "yants"
      },
      "locked": {
        "lastModified": 1648237091,
        "narHash": "sha256-OtgcOt/CB0/9S0rh1eAog+AvAg9kF6GyAknyWOXiAZI=",
        "owner": "divnix",
        "repo": "data-merge",
        "rev": "b21bcf7bd949ac92af3930ecb1d3df8786384722",
        "type": "github"
      },
      "original": {
        "owner": "divnix",
        "repo": "data-merge",
        "type": "github"
      }
    },
    "devshell": {
      "inputs": {
        "flake-utils": "flake-utils",
        "nixpkgs": "nixpkgs_5"
      },
      "locked": {
        "lastModified": 1647857022,
        "narHash": "sha256-Aw70NWLOIwKhT60MHDGjgWis3DP3faCzr6ap9CSayek=",
        "owner": "numtide",
        "repo": "devshell",
        "rev": "0a5ff74dacb9ea22614f64e61aeb3ca0bf0e7311",
        "type": "github"
      },
      "original": {
        "owner": "numtide",
        "repo": "devshell",
        "type": "github"
      }
    },
    "flake-utils": {
      "locked": {
        "lastModified": 1642700792,
        "narHash": "sha256-XqHrk7hFb+zBvRg6Ghl+AZDq03ov6OshJLiSWOoX5es=",
        "owner": "numtide",
        "repo": "flake-utils",
        "rev": "846b2ae0fc4cc943637d3d1def4454213e203cba",
        "type": "github"
      },
      "original": {
        "owner": "numtide",
        "repo": "flake-utils",
        "type": "github"
      }
    },
    "flake-utils_2": {
      "locked": {
        "lastModified": 1648297722,
        "narHash": "sha256-W+qlPsiZd8F3XkzXOzAoR+mpFqzm3ekQkJNa+PIh1BQ=",
        "owner": "numtide",
        "repo": "flake-utils",
        "rev": "0f8662f1319ad6abf89b3380dd2722369fc51ade",
        "type": "github"
      },
      "original": {
        "owner": "numtide",
        "repo": "flake-utils",
        "type": "github"
      }
    },
    "latest": {
      "locked": {
        "lastModified": 1650836792,
        "narHash": "sha256-ggsG2N61O7ngfkmB/9ON6DCmiPTKio0K3KIftMHUs4k=",
        "owner": "NixOS",
        "repo": "nixpkgs",
        "rev": "e00fbf7fccf9a7cc3c016cbe9e6df6229ed9ebed",
        "type": "github"
      },
      "original": {
        "owner": "NixOS",
        "ref": "master",
        "repo": "nixpkgs",
        "type": "github"
      }
    },
    "nixlib": {
      "locked": {
        "lastModified": 1650761098,
        "narHash": "sha256-pllwIuJiY3HDOg5JfO19NnnoHQZ8ZZtrAJMQ9/BX3Y0=",
        "owner": "nix-community",
        "repo": "nixpkgs.lib",
        "rev": "50b30201342fd191180fa95948ee4ba4c1e67183",
        "type": "github"
      },
      "original": {
        "owner": "nix-community",
        "repo": "nixpkgs.lib",
        "type": "github"
      }
    },
    "nixpkgs": {
      "locked": {
        "lastModified": 1650761098,
        "narHash": "sha256-pllwIuJiY3HDOg5JfO19NnnoHQZ8ZZtrAJMQ9/BX3Y0=",
        "owner": "nix-community",
        "repo": "nixpkgs.lib",
        "rev": "50b30201342fd191180fa95948ee4ba4c1e67183",
        "type": "github"
      },
      "original": {
        "owner": "nix-community",
        "repo": "nixpkgs.lib",
        "type": "github"
      }
    },
    "nixpkgs_2": {
      "locked": {
        "lastModified": 1650726686,
        "narHash": "sha256-hE5PCqQlsdgWH3AUTwesvjZWs5ZUZ8SjMS5cnFB6W54=",
        "owner": "NixOS",
        "repo": "nixpkgs",
        "rev": "3c0f57e36ed0cf9947281e3b31f1bebb7ce5d4a1",
        "type": "github"
      },
      "original": {
        "owner": "NixOS",
        "ref": "nixpkgs-unstable",
        "repo": "nixpkgs",
        "type": "github"
      }
    },
    "nixpkgs_3": {
      "locked": {
        "lastModified": 1650726686,
        "narHash": "sha256-hE5PCqQlsdgWH3AUTwesvjZWs5ZUZ8SjMS5cnFB6W54=",
        "owner": "nixos",
        "repo": "nixpkgs",
        "rev": "3c0f57e36ed0cf9947281e3b31f1bebb7ce5d4a1",
        "type": "github"
      },
      "original": {
        "owner": "nixos",
        "ref": "nixpkgs-unstable",
        "repo": "nixpkgs",
        "type": "github"
      }
    },
    "nixpkgs_4": {
      "locked": {
        "lastModified": 1650761098,
        "narHash": "sha256-pllwIuJiY3HDOg5JfO19NnnoHQZ8ZZtrAJMQ9/BX3Y0=",
        "owner": "nix-community",
        "repo": "nixpkgs.lib",
        "rev": "50b30201342fd191180fa95948ee4ba4c1e67183",
        "type": "github"
      },
      "original": {
        "owner": "nix-community",
        "repo": "nixpkgs.lib",
        "type": "github"
      }
    },
    "nixpkgs_5": {
      "locked": {
        "lastModified": 1643381941,
        "narHash": "sha256-pHTwvnN4tTsEKkWlXQ8JMY423epos8wUOhthpwJjtpc=",
        "owner": "NixOS",
        "repo": "nixpkgs",
        "rev": "5efc8ca954272c4376ac929f4c5ffefcc20551d5",
        "type": "github"
      },
      "original": {
        "owner": "NixOS",
        "ref": "nixpkgs-unstable",
        "repo": "nixpkgs",
        "type": "github"
      }
    },
    "root": {
      "inputs": {
        "cells": "cells",
        "devshell": "devshell",
        "flake-utils": "flake-utils_2",
        "latest": [
          "cells",
          "latest"
        ],
        "nixpkgs": [
          "cells",
          "nixpkgs"
        ],
        "std": [
          "cells",
          "std"
        ]
      }
    },
    "std": {
      "inputs": {
        "nixpkgs": "nixpkgs_3",
        "yants": "yants_2"
      },
      "locked": {
        "lastModified": 1650554211,
        "narHash": "sha256-SKL4wrdHi+SJvcKpK3afJQXHJ2DTtzdf4eFFhYHsE2I=",
        "owner": "divnix",
        "repo": "std",
        "rev": "e9c704441813d3e4cabd5763f136da27b8da7887",
        "type": "github"
      },
      "original": {
        "owner": "divnix",
        "repo": "std",
        "type": "github"
      }
    },
    "yants": {
      "inputs": {
        "nixpkgs": "nixpkgs"
      },
      "locked": {
        "lastModified": 1645126146,
        "narHash": "sha256-XQ1eg4gzXoc7Tl8iXak1uCt3KnsTyxqPtLE+vOoDnrQ=",
        "owner": "divnix",
        "repo": "yants",
        "rev": "77df2be1b3cce9f571c6cf451f786b266a6869cc",
        "type": "github"
      },
      "original": {
        "owner": "divnix",
        "repo": "yants",
        "type": "github"
      }
    },
    "yants_2": {
      "inputs": {
        "nixpkgs": [
          "cells",
          "std",
          "nixpkgs"
        ]
      },
      "locked": {
        "lastModified": 1645126146,
        "narHash": "sha256-XQ1eg4gzXoc7Tl8iXak1uCt3KnsTyxqPtLE+vOoDnrQ=",
        "owner": "divnix",
        "repo": "yants",
        "rev": "77df2be1b3cce9f571c6cf451f786b266a6869cc",
        "type": "github"
      },
      "original": {
        "owner": "divnix",
        "repo": "yants",
        "type": "github"
      }
    },
    "yants_3": {
      "inputs": {
        "nixpkgs": "nixpkgs_4"
      },
      "locked": {
        "lastModified": 1645126146,
        "narHash": "sha256-XQ1eg4gzXoc7Tl8iXak1uCt3KnsTyxqPtLE+vOoDnrQ=",
        "owner": "divnix",
        "repo": "yants",
        "rev": "77df2be1b3cce9f571c6cf451f786b266a6869cc",
        "type": "github"
      },
      "original": {
        "owner": "divnix",
        "repo": "yants",
        "type": "github"
      }
    }
  },
  "root": "root",
  "version": 7
}
