{
  "nodes": {
    "ansible-collection-hardening": {
      "flake": false,
      "locked": {
        "lastModified": 1741614057,
        "narHash": "sha256-k8A4XSw6w1vmHh8cdNZ+8txbrgVIJi9R9zI0FkFcIhY=",
        "owner": "dev-sec",
        "repo": "ansible-collection-hardening",
        "rev": "d4ca770dcd62e3e74e18086a02a24cc9c4b44027",
        "type": "github"
      },
      "original": {
        "owner": "dev-sec",
        "repo": "ansible-collection-hardening",
        "type": "github"
      }
    },
    "root": {
      "inputs": {
        "ansible-collection-hardening": "ansible-collection-hardening"
      }
    }
  },
  "root": "root",
  "version": 7
}
